{
  "object": {
    "pins": [
      {
        "package": "TelemetryClient",
        "repositoryURL": "https://github.com/AppTelemetry/SwiftClient",
        "state": {
          "branch": null,
          "revision": "f3cfa64313d578e37c69afd88b6ff553b42dde90",
          "version": "1.0.12"
        }
      }
    ]
  },
  "version": 1
}
