{
  "object": {
    "pins": [
      {
        "package": "TelemetryClient",
        "repositoryURL": "https://github.com/AppTelemetry/SwiftClient",
        "state": {
          "branch": null,
          "revision": "7b3f4369c4e18904b94253538585a583755eae24",
          "version": "1.1.5"
        }
      }
    ]
  },
  "version": 1
}
